{
    "name": "Edge-Dendron-Helper",
    "version": "1.4.1",
    "lockfileVersion": 3,
    "requires": true,
    "packages": {
        "": {
            "name": "Edge-Dendron-Helper",
            "version": "1.4.1",
            "dependencies": {
                "@types/node": "^16.0.0"
            },
            "devDependencies": {
                "@types/vscode": "^1.46.0",
                "typescript": "^3.9.5"
            },
            "engines": {
                "vscode": "^1.46.0"
            }
        },
        "node_modules/@types/node": {
            "version": "16.0.0",
            "resolved": "https://registry.npmjs.org/@types/node/-/node-16.0.0.tgz",
            "integrity": "sha512-TmCW5HoZ2o2/z2EYi109jLqIaPIi9y/lc2LmDCWzuCi35bcaQ+OtUh6nwBiFK7SOu25FAU5+YKdqFZUwtqGSdg=="
        },
        "node_modules/@types/vscode": {
            "version": "1.46.0",
            "resolved": "https://registry.npmjs.org/@types/vscode/-/vscode-1.46.0.tgz",
            "integrity": "sha512-8m9wPEB2mcRqTWNKs9A9Eqs8DrQZt0qNFO8GkxBOnyW6xR//3s77SoMgb/nY1ctzACsZXwZj3YRTDsn4bAoaUw==",
            "dev": true
        },
        "node_modules/typescript": {
            "version": "3.9.10",
            "resolved": "https://registry.npmjs.org/typescript/-/typescript-3.9.10.tgz",
            "integrity": "sha512-w6fIxVE/H1PkLKcCPsFqKE7Kv7QUwhU8qQY2MueZXWx5cPZdwFupLgKK3vntcK98BtNHZtAF4LA/yl2a7k8R6Q==",
            "dev": true,
            "bin": {
                "tsc": "bin/tsc",
                "tsserver": "bin/tsserver"
            },
            "engines": {
                "node": ">=4.2.0"
            }
        }
    }
}
